
Microsoft Visual Studio Solution File, Format Version 12.00
# Visual Studio 2013
VisualStudioVersion = 12.0.31101.0
MinimumVisualStudioVersion = 10.0.40219.1
Project("{FAE04EC0-301F-11D3-BF4B-00C04F79EFBC}") = "Donor.Web", "Donor.Web.csproj", "{E839A088-33A5-4B8F-AD83-13AEC9AE1414}"
EndProject
Project("{FAE04EC0-301F-11D3-BF4B-00C04F79EFBC}") = "Donor.DAL", "..\Donor.DAL\Donor.DAL.csproj", "{05083BEC-51AF-4596-9573-D79E059CDDD7}"
EndProject
Project("{FAE04EC0-301F-11D3-BF4B-00C04F79EFBC}") = "Donor.BAL", "..\Donor.BAL\Donor.BAL.csproj", "{EF9260F5-1D9F-43F0-9297-A86DEE650EA0}"
EndProject
Project("{FAE04EC0-301F-11D3-BF4B-00C04F79EFBC}") = "Donor.BO", "..\Donor.BO\Donor.BO.csproj", "{ABA26565-7F01-4390-8C33-02F5333B37BD}"
EndProject
Project("{FAE04EC0-301F-11D3-BF4B-00C04F79EFBC}") = "Donor.Utility", "..\Donor.Utility\Donor.Utility.csproj", "{216C5190-2078-4287-825A-77F9C46AA3A2}"
EndProject
Global
	GlobalSection(SolutionConfigurationPlatforms) = preSolution
		Debug|Any CPU = Debug|Any CPU
		Release|Any CPU = Release|Any CPU
	EndGlobalSection
	GlobalSection(ProjectConfigurationPlatforms) = postSolution
		{E839A088-33A5-4B8F-AD83-13AEC9AE1414}.Debug|Any CPU.ActiveCfg = Debug|Any CPU
		{E839A088-33A5-4B8F-AD83-13AEC9AE1414}.Debug|Any CPU.Build.0 = Debug|Any CPU
		{E839A088-33A5-4B8F-AD83-13AEC9AE1414}.Release|Any CPU.ActiveCfg = Release|Any CPU
		{E839A088-33A5-4B8F-AD83-13AEC9AE1414}.Release|Any CPU.Build.0 = Release|Any CPU
		{05083BEC-51AF-4596-9573-D79E059CDDD7}.Debug|Any CPU.ActiveCfg = Debug|Any CPU
		{05083BEC-51AF-4596-9573-D79E059CDDD7}.Debug|Any CPU.Build.0 = Debug|Any CPU
		{05083BEC-51AF-4596-9573-D79E059CDDD7}.Release|Any CPU.ActiveCfg = Release|Any CPU
		{05083BEC-51AF-4596-9573-D79E059CDDD7}.Release|Any CPU.Build.0 = Release|Any CPU
		{EF9260F5-1D9F-43F0-9297-A86DEE650EA0}.Debug|Any CPU.ActiveCfg = Debug|Any CPU
		{EF9260F5-1D9F-43F0-9297-A86DEE650EA0}.Debug|Any CPU.Build.0 = Debug|Any CPU
		{EF9260F5-1D9F-43F0-9297-A86DEE650EA0}.Release|Any CPU.ActiveCfg = Release|Any CPU
		{EF9260F5-1D9F-43F0-9297-A86DEE650EA0}.Release|Any CPU.Build.0 = Release|Any CPU
		{ABA26565-7F01-4390-8C33-02F5333B37BD}.Debug|Any CPU.ActiveCfg = Debug|Any CPU
		{ABA26565-7F01-4390-8C33-02F5333B37BD}.Debug|Any CPU.Build.0 = Debug|Any CPU
		{ABA26565-7F01-4390-8C33-02F5333B37BD}.Release|Any CPU.ActiveCfg = Release|Any CPU
		{ABA26565-7F01-4390-8C33-02F5333B37BD}.Release|Any CPU.Build.0 = Release|Any CPU
		{216C5190-2078-4287-825A-77F9C46AA3A2}.Debug|Any CPU.ActiveCfg = Debug|Any CPU
		{216C5190-2078-4287-825A-77F9C46AA3A2}.Debug|Any CPU.Build.0 = Debug|Any CPU
		{216C5190-2078-4287-825A-77F9C46AA3A2}.Release|Any CPU.ActiveCfg = Release|Any CPU
		{216C5190-2078-4287-825A-77F9C46AA3A2}.Release|Any CPU.Build.0 = Release|Any CPU
	EndGlobalSection
	GlobalSection(SolutionProperties) = preSolution
		HideSolutionNode = FALSE
	EndGlobalSection
EndGlobal
